
Microsoft Visual Studio Solution File, Format Version 12.00
# Visual Studio Version 17
VisualStudioVersion = 17.1.32414.318
MinimumVisualStudioVersion = 10.0.40219.1
Project("{FAE04EC0-301F-11D3-BF4B-00C04F79EFBC}") = "ConsoleAppClasses", "ConsoleAppClasses.csproj", "{284C14CB-9D67-468D-ACB4-44F10480D1DF}"
EndProject
Global
	GlobalSection(SolutionConfigurationPlatforms) = preSolution
		Debug|Any CPU = Debug|Any CPU
		Release|Any CPU = Release|Any CPU
	EndGlobalSection
	GlobalSection(ProjectConfigurationPlatforms) = postSolution
		{284C14CB-9D67-468D-ACB4-44F10480D1DF}.Debug|Any CPU.ActiveCfg = Debug|Any CPU
		{284C14CB-9D67-468D-ACB4-44F10480D1DF}.Debug|Any CPU.Build.0 = Debug|Any CPU
		{284C14CB-9D67-468D-ACB4-44F10480D1DF}.Release|Any CPU.ActiveCfg = Release|Any CPU
		{284C14CB-9D67-468D-ACB4-44F10480D1DF}.Release|Any CPU.Build.0 = Release|Any CPU
	EndGlobalSection
	GlobalSection(SolutionProperties) = preSolution
		HideSolutionNode = FALSE
	EndGlobalSection
	GlobalSection(ExtensibilityGlobals) = postSolution
		SolutionGuid = {8A43CC1F-740C-44CA-BB3B-D14FFB111AF9}
	EndGlobalSection
EndGlobal
